
Microsoft Visual Studio Solution File, Format Version 12.00
# Visual Studio Version 17
VisualStudioVersion = 17.3.32922.545
MinimumVisualStudioVersion = 10.0.40219.1
Project("{FAE04EC0-301F-11D3-BF4B-00C04F79EFBC}") = "L7_FAGA_1088322", "L7_FAGA_1088322\L7_FAGA_1088322.csproj", "{5EB6B032-9389-4D76-8C53-B636F60BB889}"
EndProject
Global
	GlobalSection(SolutionConfigurationPlatforms) = preSolution
		Debug|Any CPU = Debug|Any CPU
		Release|Any CPU = Release|Any CPU
	EndGlobalSection
	GlobalSection(ProjectConfigurationPlatforms) = postSolution
		{5EB6B032-9389-4D76-8C53-B636F60BB889}.Debug|Any CPU.ActiveCfg = Debug|Any CPU
		{5EB6B032-9389-4D76-8C53-B636F60BB889}.Debug|Any CPU.Build.0 = Debug|Any CPU
		{5EB6B032-9389-4D76-8C53-B636F60BB889}.Release|Any CPU.ActiveCfg = Release|Any CPU
		{5EB6B032-9389-4D76-8C53-B636F60BB889}.Release|Any CPU.Build.0 = Release|Any CPU
	EndGlobalSection
	GlobalSection(SolutionProperties) = preSolution
		HideSolutionNode = FALSE
	EndGlobalSection
	GlobalSection(ExtensibilityGlobals) = postSolution
		SolutionGuid = {5B09EFFF-5C79-4B39-8989-DB93F482366E}
	EndGlobalSection
EndGlobal
